
Microsoft Visual Studio Solution File, Format Version 11.00
# Visual Studio 2010
Project("{FAE04EC0-301F-11D3-BF4B-00C04F79EFBC}") = "SLiderColors", "Assembly-CSharp.csproj", "{5F1173C0-0A9D-6387-FD3A-9D798130C5B4}"
EndProject
Project("{FAE04EC0-301F-11D3-BF4B-00C04F79EFBC}") = "SLiderColors", "Assembly-CSharp-Editor.csproj", "{964BDD52-B8CE-FDBE-793E-D08DE15BD3AA}"
EndProject
Global
	GlobalSection(SolutionConfigurationPlatforms) = preSolution
		Debug|Any CPU = Debug|Any CPU
		Release|Any CPU = Release|Any CPU
	EndGlobalSection
	GlobalSection(ProjectConfigurationPlatforms) = postSolution
		{5F1173C0-0A9D-6387-FD3A-9D798130C5B4}.Debug|Any CPU.ActiveCfg = Debug|Any CPU
		{5F1173C0-0A9D-6387-FD3A-9D798130C5B4}.Debug|Any CPU.Build.0 = Debug|Any CPU
		{5F1173C0-0A9D-6387-FD3A-9D798130C5B4}.Release|Any CPU.ActiveCfg = Release|Any CPU
		{5F1173C0-0A9D-6387-FD3A-9D798130C5B4}.Release|Any CPU.Build.0 = Release|Any CPU
		{964BDD52-B8CE-FDBE-793E-D08DE15BD3AA}.Debug|Any CPU.ActiveCfg = Debug|Any CPU
		{964BDD52-B8CE-FDBE-793E-D08DE15BD3AA}.Debug|Any CPU.Build.0 = Debug|Any CPU
		{964BDD52-B8CE-FDBE-793E-D08DE15BD3AA}.Release|Any CPU.ActiveCfg = Release|Any CPU
		{964BDD52-B8CE-FDBE-793E-D08DE15BD3AA}.Release|Any CPU.Build.0 = Release|Any CPU
	EndGlobalSection
	GlobalSection(SolutionProperties) = preSolution
		HideSolutionNode = FALSE
	EndGlobalSection
	GlobalSection(MonoDevelopProperties) = preSolution
		StartupItem = Assembly-CSharp.csproj
	EndGlobalSection
EndGlobal
