
Microsoft Visual Studio Solution File, Format Version 11.00
# Visual Studio 2010
Project("{FAE04EC0-301F-11D3-BF4B-00C04F79EFBC}") = "Slingshot-master 5", "Assembly-CSharp.csproj", "{6BDF00BD-DE29-9C83-8B4D-4E0A2A27589A}"
EndProject
Project("{FAE04EC0-301F-11D3-BF4B-00C04F79EFBC}") = "Slingshot-master 5", "Assembly-CSharp-Editor.csproj", "{49D82808-4BAA-94A3-4978-05C59FDE1A0C}"
EndProject
Global
	GlobalSection(SolutionConfigurationPlatforms) = preSolution
		Debug|Any CPU = Debug|Any CPU
		Release|Any CPU = Release|Any CPU
	EndGlobalSection
	GlobalSection(ProjectConfigurationPlatforms) = postSolution
		{6BDF00BD-DE29-9C83-8B4D-4E0A2A27589A}.Debug|Any CPU.ActiveCfg = Debug|Any CPU
		{6BDF00BD-DE29-9C83-8B4D-4E0A2A27589A}.Debug|Any CPU.Build.0 = Debug|Any CPU
		{6BDF00BD-DE29-9C83-8B4D-4E0A2A27589A}.Release|Any CPU.ActiveCfg = Release|Any CPU
		{6BDF00BD-DE29-9C83-8B4D-4E0A2A27589A}.Release|Any CPU.Build.0 = Release|Any CPU
		{49D82808-4BAA-94A3-4978-05C59FDE1A0C}.Debug|Any CPU.ActiveCfg = Debug|Any CPU
		{49D82808-4BAA-94A3-4978-05C59FDE1A0C}.Debug|Any CPU.Build.0 = Debug|Any CPU
		{49D82808-4BAA-94A3-4978-05C59FDE1A0C}.Release|Any CPU.ActiveCfg = Release|Any CPU
		{49D82808-4BAA-94A3-4978-05C59FDE1A0C}.Release|Any CPU.Build.0 = Release|Any CPU
	EndGlobalSection
	GlobalSection(SolutionProperties) = preSolution
		HideSolutionNode = FALSE
	EndGlobalSection
	GlobalSection(MonoDevelopProperties) = preSolution
		StartupItem = Assembly-CSharp.csproj
	EndGlobalSection
EndGlobal
